
Microsoft Visual Studio Solution File, Format Version 12.00
# Visual Studio 15
VisualStudioVersion = 15.0.28307.271
MinimumVisualStudioVersion = 10.0.40219.1
Project("{FAE04EC0-301F-11D3-BF4B-00C04F79EFBC}") = "Hi-Tech Order Management System", "Hi-Tech Order Management System\Hi-Tech Order Management System.csproj", "{90E6AEF6-2031-4CD3-9A03-7DBDC73920F3}"
EndProject
Global
	GlobalSection(SolutionConfigurationPlatforms) = preSolution
		Debug|Any CPU = Debug|Any CPU
		Release|Any CPU = Release|Any CPU
	EndGlobalSection
	GlobalSection(ProjectConfigurationPlatforms) = postSolution
		{90E6AEF6-2031-4CD3-9A03-7DBDC73920F3}.Debug|Any CPU.ActiveCfg = Debug|Any CPU
		{90E6AEF6-2031-4CD3-9A03-7DBDC73920F3}.Debug|Any CPU.Build.0 = Debug|Any CPU
		{90E6AEF6-2031-4CD3-9A03-7DBDC73920F3}.Release|Any CPU.ActiveCfg = Release|Any CPU
		{90E6AEF6-2031-4CD3-9A03-7DBDC73920F3}.Release|Any CPU.Build.0 = Release|Any CPU
	EndGlobalSection
	GlobalSection(SolutionProperties) = preSolution
		HideSolutionNode = FALSE
	EndGlobalSection
	GlobalSection(ExtensibilityGlobals) = postSolution
		SolutionGuid = {07325259-6626-486A-8694-86BC09FF05BF}
	EndGlobalSection
EndGlobal
